
Microsoft Visual Studio Solution File, Format Version 12.00
# Visual Studio Version 16
VisualStudioVersion = 16.0.30104.148
MinimumVisualStudioVersion = 10.0.40219.1
Project("{9A19103F-16F7-4668-BE54-9A1E7A4F7556}") = "BOMScraper", "BOMScraper.csproj", "{A4997973-10F8-4047-A437-AD129384CBD7}"
EndProject
Global
	GlobalSection(SolutionConfigurationPlatforms) = preSolution
		Debug|Any CPU = Debug|Any CPU
		Release|Any CPU = Release|Any CPU
	EndGlobalSection
	GlobalSection(ProjectConfigurationPlatforms) = postSolution
		{A4997973-10F8-4047-A437-AD129384CBD7}.Debug|Any CPU.ActiveCfg = Debug|Any CPU
		{A4997973-10F8-4047-A437-AD129384CBD7}.Debug|Any CPU.Build.0 = Debug|Any CPU
		{A4997973-10F8-4047-A437-AD129384CBD7}.Release|Any CPU.ActiveCfg = Release|Any CPU
		{A4997973-10F8-4047-A437-AD129384CBD7}.Release|Any CPU.Build.0 = Release|Any CPU
	EndGlobalSection
	GlobalSection(SolutionProperties) = preSolution
		HideSolutionNode = FALSE
	EndGlobalSection
	GlobalSection(ExtensibilityGlobals) = postSolution
		SolutionGuid = {00A2DC79-71AC-4876-989C-DB389EE51D26}
	EndGlobalSection
EndGlobal
